
Microsoft Visual Studio Solution File, Format Version 12.00
# Visual Studio Version 17
VisualStudioVersion = 17.10.35122.118
MinimumVisualStudioVersion = 10.0.40219.1
Project("{8BC9CEB8-8B4A-11D0-8D11-00A0C91BC942}") = "26", "26.vcxproj", "{59901101-5537-469B-8056-792698C43C8F}"
EndProject
Global
	GlobalSection(SolutionConfigurationPlatforms) = preSolution
		Debug|x64 = Debug|x64
		Debug|x86 = Debug|x86
		Release|x64 = Release|x64
		Release|x86 = Release|x86
	EndGlobalSection
	GlobalSection(ProjectConfigurationPlatforms) = postSolution
		{59901101-5537-469B-8056-792698C43C8F}.Debug|x64.ActiveCfg = Debug|x64
		{59901101-5537-469B-8056-792698C43C8F}.Debug|x64.Build.0 = Debug|x64
		{59901101-5537-469B-8056-792698C43C8F}.Debug|x86.ActiveCfg = Debug|Win32
		{59901101-5537-469B-8056-792698C43C8F}.Debug|x86.Build.0 = Debug|Win32
		{59901101-5537-469B-8056-792698C43C8F}.Release|x64.ActiveCfg = Release|x64
		{59901101-5537-469B-8056-792698C43C8F}.Release|x64.Build.0 = Release|x64
		{59901101-5537-469B-8056-792698C43C8F}.Release|x86.ActiveCfg = Release|Win32
		{59901101-5537-469B-8056-792698C43C8F}.Release|x86.Build.0 = Release|Win32
	EndGlobalSection
	GlobalSection(SolutionProperties) = preSolution
		HideSolutionNode = FALSE
	EndGlobalSection
	GlobalSection(ExtensibilityGlobals) = postSolution
		SolutionGuid = {0F4E7598-D291-44F0-9DB4-EEB195ABDC39}
	EndGlobalSection
EndGlobal
